# generated by rye
# use `rye lock` or `rye sync` to update this lockfile
#
# last locked with the following flags:
#   pre: false
#   features: []
#   all-features: false
#   with-sources: false
#   generate-hashes: false
#   universal: false

aiohappyeyeballs==2.6.1
    # via aiohttp
aiohttp==3.11.13
    # via discord-py
aiosignal==1.3.2
    # via aiohttp
annotated-types==0.7.0
    # via pydantic
attrs==25.3.0
    # via aiohttp
charset-normalizer==3.4.1
    # via niquests
discord-py==2.5.2
frozenlist==1.5.0
    # via aiohttp
    # via aiosignal
h11==0.14.0
    # via urllib3-future
idna==3.10
    # via yarl
jh2==5.0.8
    # via urllib3-future
multidict==6.1.0
    # via aiohttp
    # via yarl
niquests==3.13.1
propcache==0.3.0
    # via aiohttp
    # via yarl
pydantic==2.10.6
pydantic-core==2.27.2
    # via pydantic
python-dotenv==1.0.1
qh3==1.4.2
    # via urllib3-future
typing-extensions==4.12.2
    # via pydantic
    # via pydantic-core
urllib3-future==2.12.912
    # via niquests
wassima==1.2.2
    # via niquests
yarl==1.18.3
    # via aiohttp
